// !$*UTF8*$!
{
	archiveVersion = 1;
	classes = {
	};
	objectVersion = 77;
	objects = {

/* Begin PBXBuildFile section */
		47E7F7FF4AC01658A2835BD2 /* Pods_swiftlyTests.framework in Frameworks */ = {isa = PBXBuildFile; fileRef = B8C75E167FCF094238D9D2F3 /* Pods_swiftlyTests.framework */; };
		5B3CA870848F58DFEEA305D7 /* Pods_swiftly_swiftlyUITests.framework in Frameworks */ = {isa = PBXBuildFile; fileRef = 005A45F71EA5929E030BF5B7 /* Pods_swiftly_swiftlyUITests.framework */; };
		C4289FD7ED430A8B768E4596 /* Pods_swiftly.framework in Frameworks */ = {isa = PBXBuildFile; fileRef = 0683E53DBCBBEF8DD55C46FF /* Pods_swiftly.framework */; };
/* End PBXBuildFile section */

/* Begin PBXContainerItemProxy section */
		0ACE648624E4224B0016C533 /* PBXContainerItemProxy */ = {
			isa = PBXContainerItemProxy;
			containerPortal = 0ACE646724E422430016C533 /* Project object */;
			proxyType = 1;
			remoteGlobalIDString = 0ACE646E24E422430016C533;
			remoteInfo = swiftly;
		};
		0ACE649124E4224B0016C533 /* PBXContainerItemProxy */ = {
			isa = PBXContainerItemProxy;
			containerPortal = 0ACE646724E422430016C533 /* Project object */;
			proxyType = 1;
			remoteGlobalIDString = 0ACE646E24E422430016C533;
			remoteInfo = swiftly;
		};
/* End PBXContainerItemProxy section */

/* Begin PBXFileReference section */
		005A45F71EA5929E030BF5B7 /* Pods_swiftly_swiftlyUITests.framework */ = {isa = PBXFileReference; explicitFileType = wrapper.framework; includeInIndex = 0; path = Pods_swiftly_swiftlyUITests.framework; sourceTree = BUILT_PRODUCTS_DIR; };
		0683E53DBCBBEF8DD55C46FF /* Pods_swiftly.framework */ = {isa = PBXFileReference; explicitFileType = wrapper.framework; includeInIndex = 0; path = Pods_swiftly.framework; sourceTree = BUILT_PRODUCTS_DIR; };
		0ACE646F24E422430016C533 /* swiftly.app */ = {isa = PBXFileReference; explicitFileType = wrapper.application; includeInIndex = 0; path = swiftly.app; sourceTree = BUILT_PRODUCTS_DIR; };
		0ACE648524E4224B0016C533 /* swiftlyTests.xctest */ = {isa = PBXFileReference; explicitFileType = wrapper.cfbundle; includeInIndex = 0; path = swiftlyTests.xctest; sourceTree = BUILT_PRODUCTS_DIR; };
		0ACE649024E4224B0016C533 /* swiftlyUITests.xctest */ = {isa = PBXFileReference; explicitFileType = wrapper.cfbundle; includeInIndex = 0; path = swiftlyUITests.xctest; sourceTree = BUILT_PRODUCTS_DIR; };
		49AF473EC97D6504ABAD7136 /* Pods-swiftly-swiftlyUITests.debug.xcconfig */ = {isa = PBXFileReference; includeInIndex = 1; lastKnownFileType = text.xcconfig; name = "Pods-swiftly-swiftlyUITests.debug.xcconfig"; path = "Target Support Files/Pods-swiftly-swiftlyUITests/Pods-swiftly-swiftlyUITests.debug.xcconfig"; sourceTree = "<group>"; };
		4F86F5173EDEFFD442F7B608 /* Pods-swiftly-swiftlyUITests.release.xcconfig */ = {isa = PBXFileReference; includeInIndex = 1; lastKnownFileType = text.xcconfig; name = "Pods-swiftly-swiftlyUITests.release.xcconfig"; path = "Target Support Files/Pods-swiftly-swiftlyUITests/Pods-swiftly-swiftlyUITests.release.xcconfig"; sourceTree = "<group>"; };
		67391A2F4CA0070A4E67AC68 /* Pods-swiftly.release.xcconfig */ = {isa = PBXFileReference; includeInIndex = 1; lastKnownFileType = text.xcconfig; name = "Pods-swiftly.release.xcconfig"; path = "Target Support Files/Pods-swiftly/Pods-swiftly.release.xcconfig"; sourceTree = "<group>"; };
		7C0EA98A92A0D9DDB0CA492F /* Pods-swiftly.debug.xcconfig */ = {isa = PBXFileReference; includeInIndex = 1; lastKnownFileType = text.xcconfig; name = "Pods-swiftly.debug.xcconfig"; path = "Target Support Files/Pods-swiftly/Pods-swiftly.debug.xcconfig"; sourceTree = "<group>"; };
		ADA146E462E9E9EC8985A7AC /* Pods-swiftlyTests.release.xcconfig */ = {isa = PBXFileReference; includeInIndex = 1; lastKnownFileType = text.xcconfig; name = "Pods-swiftlyTests.release.xcconfig"; path = "Target Support Files/Pods-swiftlyTests/Pods-swiftlyTests.release.xcconfig"; sourceTree = "<group>"; };
		B22BC23FDA7563986C115750 /* Pods-swiftlyTests.debug.xcconfig */ = {isa = PBXFileReference; includeInIndex = 1; lastKnownFileType = text.xcconfig; name = "Pods-swiftlyTests.debug.xcconfig"; path = "Target Support Files/Pods-swiftlyTests/Pods-swiftlyTests.debug.xcconfig"; sourceTree = "<group>"; };
		B8C75E167FCF094238D9D2F3 /* Pods_swiftlyTests.framework */ = {isa = PBXFileReference; explicitFileType = wrapper.framework; includeInIndex = 0; path = Pods_swiftlyTests.framework; sourceTree = BUILT_PRODUCTS_DIR; };
/* End PBXFileReference section */

/* Begin PBXFileSystemSynchronizedRootGroup section */
		0ACE647124E422430016C533 /* swiftly */ = {
			isa = PBXFileSystemSynchronizedRootGroup;
			path = swiftly;
			sourceTree = "<group>";
		};
		0ACE648824E4224B0016C533 /* swiftlyTests */ = {
			isa = PBXFileSystemSynchronizedRootGroup;
			exceptions = (
			);
			path = swiftlyTests;
			sourceTree = "<group>";
		};
		0ACE649324E4224B0016C533 /* swiftlyUITests */ = {
			isa = PBXFileSystemSynchronizedRootGroup;
			exceptions = (
			);
			path = swiftlyUITests;
			sourceTree = "<group>";
		};
/* End PBXFileSystemSynchronizedRootGroup section */

/* Begin PBXFrameworksBuildPhase section */
		0ACE646C24E422430016C533 /* Frameworks */ = {
			isa = PBXFrameworksBuildPhase;
			buildActionMask = 2147483647;
			files = (
				C4289FD7ED430A8B768E4596 /* Pods_swiftly.framework in Frameworks */,
			);
			runOnlyForDeploymentPostprocessing = 0;
		};
		0ACE648224E4224B0016C533 /* Frameworks */ = {
			isa = PBXFrameworksBuildPhase;
			buildActionMask = 2147483647;
			files = (
				47E7F7FF4AC01658A2835BD2 /* Pods_swiftlyTests.framework in Frameworks */,
			);
			runOnlyForDeploymentPostprocessing = 0;
		};
		0ACE648D24E4224B0016C533 /* Frameworks */ = {
			isa = PBXFrameworksBuildPhase;
			buildActionMask = 2147483647;
			files = (
				5B3CA870848F58DFEEA305D7 /* Pods_swiftly_swiftlyUITests.framework in Frameworks */,
			);
			runOnlyForDeploymentPostprocessing = 0;
		};
/* End PBXFrameworksBuildPhase section */

/* Begin PBXGroup section */
		0ACE646624E422430016C533 = {
			isa = PBXGroup;
			children = (
				0ACE647124E422430016C533 /* swiftly */,
				0ACE648824E4224B0016C533 /* swiftlyTests */,
				0ACE649324E4224B0016C533 /* swiftlyUITests */,
				0ACE647024E422430016C533 /* Products */,
				6084DAE6637F9928897B75AA /* Pods */,
				0CF761B185A232CC95ECBE1C /* Frameworks */,
			);
			sourceTree = "<group>";
		};
		0ACE647024E422430016C533 /* Products */ = {
			isa = PBXGroup;
			children = (
				0ACE646F24E422430016C533 /* swiftly.app */,
				0ACE648524E4224B0016C533 /* swiftlyTests.xctest */,
				0ACE649024E4224B0016C533 /* swiftlyUITests.xctest */,
			);
			name = Products;
			sourceTree = "<group>";
		};
		0CF761B185A232CC95ECBE1C /* Frameworks */ = {
			isa = PBXGroup;
			children = (
				0683E53DBCBBEF8DD55C46FF /* Pods_swiftly.framework */,
				005A45F71EA5929E030BF5B7 /* Pods_swiftly_swiftlyUITests.framework */,
				B8C75E167FCF094238D9D2F3 /* Pods_swiftlyTests.framework */,
			);
			name = Frameworks;
			sourceTree = "<group>";
		};
		6084DAE6637F9928897B75AA /* Pods */ = {
			isa = PBXGroup;
			children = (
				7C0EA98A92A0D9DDB0CA492F /* Pods-swiftly.debug.xcconfig */,
				67391A2F4CA0070A4E67AC68 /* Pods-swiftly.release.xcconfig */,
				49AF473EC97D6504ABAD7136 /* Pods-swiftly-swiftlyUITests.debug.xcconfig */,
				4F86F5173EDEFFD442F7B608 /* Pods-swiftly-swiftlyUITests.release.xcconfig */,
				B22BC23FDA7563986C115750 /* Pods-swiftlyTests.debug.xcconfig */,
				ADA146E462E9E9EC8985A7AC /* Pods-swiftlyTests.release.xcconfig */,
			);
			name = Pods;
			path = Pods;
			sourceTree = "<group>";
		};
/* End PBXGroup section */

/* Begin PBXNativeTarget section */
		0ACE646E24E422430016C533 /* swiftly */ = {
			isa = PBXNativeTarget;
			buildConfigurationList = 0ACE649924E4224B0016C533 /* Build configuration list for PBXNativeTarget "swiftly" */;
			buildPhases = (
				362B3C932343DD2CEA41B1CA /* [CP] Check Pods Manifest.lock */,
				0ACE646B24E422430016C533 /* Sources */,
				0ACE646C24E422430016C533 /* Frameworks */,
				0ACE646D24E422430016C533 /* Resources */,
			);
			buildRules = (
			);
			dependencies = (
			);
			fileSystemSynchronizedGroups = (
				0ACE647124E422430016C533 /* swiftly */,
			);
			name = swiftly;
			productName = swiftly;
			productReference = 0ACE646F24E422430016C533 /* swiftly.app */;
			productType = "com.apple.product-type.application";
		};
		0ACE648424E4224B0016C533 /* swiftlyTests */ = {
			isa = PBXNativeTarget;
			buildConfigurationList = 0ACE649C24E4224B0016C533 /* Build configuration list for PBXNativeTarget "swiftlyTests" */;
			buildPhases = (
				4A228FE584767171706F8C00 /* [CP] Check Pods Manifest.lock */,
				0ACE648124E4224B0016C533 /* Sources */,
				0ACE648224E4224B0016C533 /* Frameworks */,
				0ACE648324E4224B0016C533 /* Resources */,
			);
			buildRules = (
			);
			dependencies = (
				0ACE648724E4224B0016C533 /* PBXTargetDependency */,
			);
			fileSystemSynchronizedGroups = (
				0ACE648824E4224B0016C533 /* swiftlyTests */,
			);
			name = swiftlyTests;
			productName = swiftlyTests;
			productReference = 0ACE648524E4224B0016C533 /* swiftlyTests.xctest */;
			productType = "com.apple.product-type.bundle.unit-test";
		};
		0ACE648F24E4224B0016C533 /* swiftlyUITests */ = {
			isa = PBXNativeTarget;
			buildConfigurationList = 0ACE649F24E4224B0016C533 /* Build configuration list for PBXNativeTarget "swiftlyUITests" */;
			buildPhases = (
				8830B1452F2CDA70E098FB76 /* [CP] Check Pods Manifest.lock */,
				0ACE648C24E4224B0016C533 /* Sources */,
				0ACE648D24E4224B0016C533 /* Frameworks */,
				0ACE648E24E4224B0016C533 /* Resources */,
			);
			buildRules = (
			);
			dependencies = (
				0ACE649224E4224B0016C533 /* PBXTargetDependency */,
			);
			fileSystemSynchronizedGroups = (
				0ACE649324E4224B0016C533 /* swiftlyUITests */,
			);
			name = swiftlyUITests;
			productName = swiftlyUITests;
			productReference = 0ACE649024E4224B0016C533 /* swiftlyUITests.xctest */;
			productType = "com.apple.product-type.bundle.ui-testing";
		};
/* End PBXNativeTarget section */

/* Begin PBXProject section */
		0ACE646724E422430016C533 /* Project object */ = {
			isa = PBXProject;
			attributes = {
				BuildIndependentTargetsInParallel = 1;
				LastSwiftUpdateCheck = 2630;
				LastUpgradeCheck = 2630;
				TargetAttributes = {
					0ACE646E24E422430016C533 = {
						CreatedOnToolsVersion = 26.3;
					};
					0ACE648424E4224B0016C533 = {
						CreatedOnToolsVersion = 26.3;
						TestTargetID = 0ACE646E24E422430016C533;
					};
					0ACE648F24E4224B0016C533 = {
						CreatedOnToolsVersion = 26.3;
						TestTargetID = 0ACE646E24E422430016C533;
					};
				};
			};
			buildConfigurationList = 0ACE646A24E422430016C533 /* Build configuration list for PBXProject "swiftly" */;
			developmentRegion = en;
			hasScannedForEncodings = 0;
			knownRegions = (
				en,
				Base,
			);
			mainGroup = 0ACE646624E422430016C533;
			minimizedProjectReferenceProxies = 1;
			preferredProjectObjectVersion = 77;
			productRefGroup = 0ACE647024E422430016C533 /* Products */;
			projectDirPath = "";
			projectRoot = "";
			targets = (
				0ACE646E24E422430016C533 /* swiftly */,
				0ACE648424E4224B0016C533 /* swiftlyTests */,
				0ACE648F24E4224B0016C533 /* swiftlyUITests */,
			);
		};
/* End PBXProject section */

/* Begin PBXResourcesBuildPhase section */
		0ACE646D24E422430016C533 /* Resources */ = {
			isa = PBXResourcesBuildPhase;
			buildActionMask = 2147483647;
			files = (
			);
			runOnlyForDeploymentPostprocessing = 0;
		};
		0ACE648324E4224B0016C533 /* Resources */ = {
			isa = PBXResourcesBuildPhase;
			buildActionMask = 2147483647;
			files = (
			);
			runOnlyForDeploymentPostprocessing = 0;
		};
		0ACE648E24E4224B0016C533 /* Resources */ = {
			isa = PBXResourcesBuildPhase;
			buildActionMask = 2147483647;
			files = (
			);
			runOnlyForDeploymentPostprocessing = 0;
		};
/* End PBXResourcesBuildPhase section */

/* Begin PBXShellScriptBuildPhase section */
		362B3C932343DD2CEA41B1CA /* [CP] Check Pods Manifest.lock */ = {
			isa = PBXShellScriptBuildPhase;
			buildActionMask = 2147483647;
			files = (
			);
			inputFileListPaths = (
			);
			inputPaths = (
				"${PODS_PODFILE_DIR_PATH}/Podfile.lock",
				"${PODS_ROOT}/Manifest.lock",
			);
			name = "[CP] Check Pods Manifest.lock";
			outputFileListPaths = (
			);
			outputPaths = (
				"$(DERIVED_FILE_DIR)/Pods-swiftly-checkManifestLockResult.txt",
			);
			runOnlyForDeploymentPostprocessing = 0;
			shellPath = /bin/sh;
			shellScript = "diff \"${PODS_PODFILE_DIR_PATH}/Podfile.lock\" \"${PODS_ROOT}/Manifest.lock\" > /dev/null\nif [ $? != 0 ] ; then\n    # print error to STDERR\n    echo \"error: The sandbox is not in sync with the Podfile.lock. Run 'pod install' or update your CocoaPods installation.\" >&2\n    exit 1\nfi\n# This output is used by Xcode 'outputs' to avoid re-running this script phase.\necho \"SUCCESS\" > \"${SCRIPT_OUTPUT_FILE_0}\"\n";
			showEnvVarsInLog = 0;
		};
		4A228FE584767171706F8C00 /* [CP] Check Pods Manifest.lock */ = {
			isa = PBXShellScriptBuildPhase;
			buildActionMask = 2147483647;
			files = (
			);
			inputFileListPaths = (
			);
			inputPaths = (
				"${PODS_PODFILE_DIR_PATH}/Podfile.lock",
				"${PODS_ROOT}/Manifest.lock",
			);
			name = "[CP] Check Pods Manifest.lock";
			outputFileListPaths = (
			);
			outputPaths = (
				"$(DERIVED_FILE_DIR)/Pods-swiftlyTests-checkManifestLockResult.txt",
			);
			runOnlyForDeploymentPostprocessing = 0;
			shellPath = /bin/sh;
			shellScript = "diff \"${PODS_PODFILE_DIR_PATH}/Podfile.lock\" \"${PODS_ROOT}/Manifest.lock\" > /dev/null\nif [ $? != 0 ] ; then\n    # print error to STDERR\n    echo \"error: The sandbox is not in sync with the Podfile.lock. Run 'pod install' or update your CocoaPods installation.\" >&2\n    exit 1\nfi\n# This output is used by Xcode 'outputs' to avoid re-running this script phase.\necho \"SUCCESS\" > \"${SCRIPT_OUTPUT_FILE_0}\"\n";
			showEnvVarsInLog = 0;
		};
		8830B1452F2CDA70E098FB76 /* [CP] Check Pods Manifest.lock */ = {
			isa = PBXShellScriptBuildPhase;
			buildActionMask = 2147483647;
			files = (
			);
			inputFileListPaths = (
			);
			inputPaths = (
				"${PODS_PODFILE_DIR_PATH}/Podfile.lock",
				"${PODS_ROOT}/Manifest.lock",
			);
			name = "[CP] Check Pods Manifest.lock";
			outputFileListPaths = (
			);
			outputPaths = (
				"$(DERIVED_FILE_DIR)/Pods-swiftly-swiftlyUITests-checkManifestLockResult.txt",
			);
			runOnlyForDeploymentPostprocessing = 0;
			shellPath = /bin/sh;
			shellScript = "diff \"${PODS_PODFILE_DIR_PATH}/Podfile.lock\" \"${PODS_ROOT}/Manifest.lock\" > /dev/null\nif [ $? != 0 ] ; then\n    # print error to STDERR\n    echo \"error: The sandbox is not in sync with the Podfile.lock. Run 'pod install' or update your CocoaPods installation.\" >&2\n    exit 1\nfi\n# This output is used by Xcode 'outputs' to avoid re-running this script phase.\necho \"SUCCESS\" > \"${SCRIPT_OUTPUT_FILE_0}\"\n";
			showEnvVarsInLog = 0;
		};
/* End PBXShellScriptBuildPhase section */

/* Begin PBXSourcesBuildPhase section */
		0ACE646B24E422430016C533 /* Sources */ = {
			isa = PBXSourcesBuildPhase;
			buildActionMask = 2147483647;
			files = (
			);
			runOnlyForDeploymentPostprocessing = 0;
		};
		0ACE648124E4224B0016C533 /* Sources */ = {
			isa = PBXSourcesBuildPhase;
			buildActionMask = 2147483647;
			files = (
			);
			runOnlyForDeploymentPostprocessing = 0;
		};
		0ACE648C24E4224B0016C533 /* Sources */ = {
			isa = PBXSourcesBuildPhase;
			buildActionMask = 2147483647;
			files = (
			);
			runOnlyForDeploymentPostprocessing = 0;
		};
/* End PBXSourcesBuildPhase section */

/* Begin PBXTargetDependency section */
		0ACE648724E4224B0016C533 /* PBXTargetDependency */ = {
			isa = PBXTargetDependency;
			target = 0ACE646E24E422430016C533 /* swiftly */;
			targetProxy = 0ACE648624E4224B0016C533 /* PBXContainerItemProxy */;
		};
		0ACE649224E4224B0016C533 /* PBXTargetDependency */ = {
			isa = PBXTargetDependency;
			target = 0ACE646E24E422430016C533 /* swiftly */;
			targetProxy = 0ACE649124E4224B0016C533 /* PBXContainerItemProxy */;
		};
/* End PBXTargetDependency section */

/* Begin XCBuildConfiguration section */
		0ACE649724E4224B0016C533 /* Debug */ = {
			isa = XCBuildConfiguration;
			buildSettings = {
				ALWAYS_SEARCH_USER_PATHS = NO;
				ASSETCATALOG_COMPILER_GENERATE_SWIFT_ASSET_SYMBOL_EXTENSIONS = YES;
				CLANG_ANALYZER_NONNULL = YES;
				CLANG_ANALYZER_NUMBER_OBJECT_CONVERSION = YES_AGGRESSIVE;
				CLANG_CXX_LANGUAGE_STANDARD = "gnu++20";
				CLANG_ENABLE_MODULES = YES;
				CLANG_ENABLE_OBJC_ARC = YES;
				CLANG_ENABLE_OBJC_WEAK = YES;
				CLANG_WARN_BLOCK_CAPTURE_AUTORELEASING = YES;
				CLANG_WARN_BOOL_CONVERSION = YES;
				CLANG_WARN_COMMA = YES;
				CLANG_WARN_CONSTANT_CONVERSION = YES;
				CLANG_WARN_DEPRECATED_OBJC_IMPLEMENTATIONS = YES;
				CLANG_WARN_DIRECT_OBJC_ISA_USAGE = YES_ERROR;
				CLANG_WARN_DOCUMENTATION_COMMENTS = YES;
				CLANG_WARN_EMPTY_BODY = YES;
				CLANG_WARN_ENUM_CONVERSION = YES;
				CLANG_WARN_INFINITE_RECURSION = YES;
				CLANG_WARN_INT_CONVERSION = YES;
				CLANG_WARN_NON_LITERAL_NULL_CONVERSION = YES;
				CLANG_WARN_OBJC_IMPLICIT_RETAIN_SELF = YES;
				CLANG_WARN_OBJC_LITERAL_CONVERSION = YES;
				CLANG_WARN_OBJC_ROOT_CLASS = YES_ERROR;
				CLANG_WARN_QUOTED_INCLUDE_IN_FRAMEWORK_HEADER = YES;
				CLANG_WARN_RANGE_LOOP_ANALYSIS = YES;
				CLANG_WARN_STRICT_PROTOTYPES = YES;
				CLANG_WARN_SUSPICIOUS_MOVE = YES;
				CLANG_WARN_UNGUARDED_AVAILABILITY = YES_AGGRESSIVE;
				CLANG_WARN_UNREACHABLE_CODE = YES;
				CLANG_WARN__DUPLICATE_METHOD_MATCH = YES;
				COPY_PHASE_STRIP = NO;
				DEBUG_INFORMATION_FORMAT = dwarf;
				ENABLE_STRICT_OBJC_MSGSEND = YES;
				ENABLE_TESTABILITY = YES;
				ENABLE_USER_SCRIPT_SANDBOXING = YES;
				GCC_C_LANGUAGE_STANDARD = gnu17;
				GCC_DYNAMIC_NO_PIC = NO;
				GCC_NO_COMMON_BLOCKS = YES;
				GCC_OPTIMIZATION_LEVEL = 0;
				GCC_PREPROCESSOR_DEFINITIONS = (
					"DEBUG=1",
					"$(inherited)",
				);
				GCC_WARN_64_TO_32_BIT_CONVERSION = YES;
				GCC_WARN_ABOUT_RETURN_TYPE = YES_ERROR;
				GCC_WARN_UNDECLARED_SELECTOR = YES;
				GCC_WARN_UNINITIALIZED_AUTOS = YES_AGGRESSIVE;
				GCC_WARN_UNUSED_FUNCTION = YES;
				GCC_WARN_UNUSED_VARIABLE = YES;
				IPHONEOS_DEPLOYMENT_TARGET = 26.2;
				LOCALIZATION_PREFERS_STRING_CATALOGS = YES;
				MTL_ENABLE_DEBUG_INFO = INCLUDE_SOURCE;
				MTL_FAST_MATH = YES;
				ONLY_ACTIVE_ARCH = YES;
				SDKROOT = iphoneos;
				SWIFT_ACTIVE_COMPILATION_CONDITIONS = "DEBUG $(inherited)";
				SWIFT_OPTIMIZATION_LEVEL = "-Onone";
			};
			name = Debug;
		};
		0ACE649824E4224B0016C533 /* Release */ = {
			isa = XCBuildConfiguration;
			buildSettings = {
				ALWAYS_SEARCH_USER_PATHS = NO;
				ASSETCATALOG_COMPILER_GENERATE_SWIFT_ASSET_SYMBOL_EXTENSIONS = YES;
				CLANG_ANALYZER_NONNULL = YES;
				CLANG_ANALYZER_NUMBER_OBJECT_CONVERSION = YES_AGGRESSIVE;
				CLANG_CXX_LANGUAGE_STANDARD = "gnu++20";
				CLANG_ENABLE_MODULES = YES;
				CLANG_ENABLE_OBJC_ARC = YES;
				CLANG_ENABLE_OBJC_WEAK = YES;
				CLANG_WARN_BLOCK_CAPTURE_AUTORELEASING = YES;
				CLANG_WARN_BOOL_CONVERSION = YES;
				CLANG_WARN_COMMA = YES;
				CLANG_WARN_CONSTANT_CONVERSION = YES;
				CLANG_WARN_DEPRECATED_OBJC_IMPLEMENTATIONS = YES;
				CLANG_WARN_DIRECT_OBJC_ISA_USAGE = YES_ERROR;
				CLANG_WARN_DOCUMENTATION_COMMENTS = YES;
				CLANG_WARN_EMPTY_BODY = YES;
				CLANG_WARN_ENUM_CONVERSION = YES;
				CLANG_WARN_INFINITE_RECURSION = YES;
				CLANG_WARN_INT_CONVERSION = YES;
				CLANG_WARN_NON_LITERAL_NULL_CONVERSION = YES;
				CLANG_WARN_OBJC_IMPLICIT_RETAIN_SELF = YES;
				CLANG_WARN_OBJC_LITERAL_CONVERSION = YES;
				CLANG_WARN_OBJC_ROOT_CLASS = YES_ERROR;
				CLANG_WARN_QUOTED_INCLUDE_IN_FRAMEWORK_HEADER = YES;
				CLANG_WARN_RANGE_LOOP_ANALYSIS = YES;
				CLANG_WARN_STRICT_PROTOTYPES = YES;
				CLANG_WARN_SUSPICIOUS_MOVE = YES;
				CLANG_WARN_UNGUARDED_AVAILABILITY = YES_AGGRESSIVE;
				CLANG_WARN_UNREACHABLE_CODE = YES;
				CLANG_WARN__DUPLICATE_METHOD_MATCH = YES;
				COPY_PHASE_STRIP = NO;
				DEBUG_INFORMATION_FORMAT = "dwarf-with-dsym";
				ENABLE_NS_ASSERTIONS = NO;
				ENABLE_STRICT_OBJC_MSGSEND = YES;
				ENABLE_USER_SCRIPT_SANDBOXING = YES;
				GCC_C_LANGUAGE_STANDARD = gnu17;
				GCC_NO_COMMON_BLOCKS = YES;
				GCC_WARN_64_TO_32_BIT_CONVERSION = YES;
				GCC_WARN_ABOUT_RETURN_TYPE = YES_ERROR;
				GCC_WARN_UNDECLARED_SELECTOR = YES;
				GCC_WARN_UNINITIALIZED_AUTOS = YES_AGGRESSIVE;
				GCC_WARN_UNUSED_FUNCTION = YES;
				GCC_WARN_UNUSED_VARIABLE = YES;
				IPHONEOS_DEPLOYMENT_TARGET = 26.2;
				LOCALIZATION_PREFERS_STRING_CATALOGS = YES;
				MTL_ENABLE_DEBUG_INFO = NO;
				MTL_FAST_MATH = YES;
				SDKROOT = iphoneos;
				SWIFT_COMPILATION_MODE = wholemodule;
				VALIDATE_PRODUCT = YES;
			};
			name = Release;
		};
		0ACE649A24E4224B0016C533 /* Debug */ = {
			isa = XCBuildConfiguration;
			baseConfigurationReference = 7C0EA98A92A0D9DDB0CA492F /* Pods-swiftly.debug.xcconfig */;
			buildSettings = {
				ASSETCATALOG_COMPILER_APPICON_NAME = AppIcon;
				ASSETCATALOG_COMPILER_GLOBAL_ACCENT_COLOR_NAME = AccentColor;
				CODE_SIGN_IDENTITY = "iPhone Distribution";
				CODE_SIGN_STYLE = Manual;
				CURRENT_PROJECT_VERSION = 1;
				DEVELOPMENT_ASSET_PATHS = "\"swiftly/Preview Content\"";
				DEVELOPMENT_TEAM = X8NNQ9CYL2;
				ENABLE_PREVIEWS = YES;
				GENERATE_INFOPLIST_FILE = YES;
				INFOPLIST_KEY_ITSAppUsesNonExemptEncryption = NO;
				INFOPLIST_KEY_UIApplicationSceneManifest_Generation = YES;
				INFOPLIST_KEY_UIApplicationSupportsIndirectInputEvents = YES;
				INFOPLIST_KEY_UILaunchScreen_Generation = YES;
				INFOPLIST_KEY_UISupportedInterfaceOrientations_iPad = "UIInterfaceOrientationPortrait UIInterfaceOrientationPortraitUpsideDown UIInterfaceOrientationLandscapeLeft UIInterfaceOrientationLandscapeRight";
				INFOPLIST_KEY_UISupportedInterfaceOrientations_iPhone = "UIInterfaceOrientationPortrait UIInterfaceOrientationLandscapeLeft UIInterfaceOrientationLandscapeRight";
				LD_RUNPATH_SEARCH_PATHS = (
					"$(inherited)",
					"@executable_path/Frameworks",
				);
				MARKETING_VERSION = 1.0;
				PRODUCT_BUNDLE_IDENTIFIER = io.codemagic.cmswifter;
				PRODUCT_NAME = "$(TARGET_NAME)";
				PROVISIONING_PROFILE_SPECIFIER = "Swifter Provisioning Profile";
				STRING_CATALOG_GENERATE_SYMBOLS = YES;
				SWIFT_APPROACHABLE_CONCURRENCY = YES;
				SWIFT_DEFAULT_ACTOR_ISOLATION = MainActor;
				SWIFT_EMIT_LOC_STRINGS = YES;
				SWIFT_UPCOMING_FEATURE_MEMBER_IMPORT_VISIBILITY = YES;
				SWIFT_VERSION = 5.0;
				TARGETED_DEVICE_FAMILY = "1,2";
			};
			name = Debug;
		};
		0ACE649B24E4224B0016C533 /* Release */ = {
			isa = XCBuildConfiguration;
			baseConfigurationReference = 67391A2F4CA0070A4E67AC68 /* Pods-swiftly.release.xcconfig */;
			buildSettings = {
				ASSETCATALOG_COMPILER_APPICON_NAME = AppIcon;
				ASSETCATALOG_COMPILER_GLOBAL_ACCENT_COLOR_NAME = AccentColor;
				CODE_SIGN_IDENTITY = "iPhone Distribution";
				CODE_SIGN_STYLE = Manual;
				CURRENT_PROJECT_VERSION = 1;
				DEVELOPMENT_ASSET_PATHS = "\"swiftly/Preview Content\"";
				DEVELOPMENT_TEAM = X8NNQ9CYL2;
				ENABLE_PREVIEWS = YES;
				GENERATE_INFOPLIST_FILE = YES;
				INFOPLIST_KEY_ITSAppUsesNonExemptEncryption = NO;
				INFOPLIST_KEY_UIApplicationSceneManifest_Generation = YES;
				INFOPLIST_KEY_UIApplicationSupportsIndirectInputEvents = YES;
				INFOPLIST_KEY_UILaunchScreen_Generation = YES;
				INFOPLIST_KEY_UISupportedInterfaceOrientations_iPad = "UIInterfaceOrientationPortrait UIInterfaceOrientationPortraitUpsideDown UIInterfaceOrientationLandscapeLeft UIInterfaceOrientationLandscapeRight";
				INFOPLIST_KEY_UISupportedInterfaceOrientations_iPhone = "UIInterfaceOrientationPortrait UIInterfaceOrientationLandscapeLeft UIInterfaceOrientationLandscapeRight";
				LD_RUNPATH_SEARCH_PATHS = (
					"$(inherited)",
					"@executable_path/Frameworks",
				);
				MARKETING_VERSION = 1.0;
				PRODUCT_BUNDLE_IDENTIFIER = io.codemagic.cmswifter;
				PRODUCT_NAME = "$(TARGET_NAME)";
				PROVISIONING_PROFILE_SPECIFIER = "Swifter Provisioning Profile";
				STRING_CATALOG_GENERATE_SYMBOLS = YES;
				SWIFT_APPROACHABLE_CONCURRENCY = YES;
				SWIFT_DEFAULT_ACTOR_ISOLATION = MainActor;
				SWIFT_EMIT_LOC_STRINGS = YES;
				SWIFT_UPCOMING_FEATURE_MEMBER_IMPORT_VISIBILITY = YES;
				SWIFT_VERSION = 5.0;
				TARGETED_DEVICE_FAMILY = "1,2";
			};
			name = Release;
		};
		0ACE649D24E4224B0016C533 /* Debug */ = {
			isa = XCBuildConfiguration;
			baseConfigurationReference = B22BC23FDA7563986C115750 /* Pods-swiftlyTests.debug.xcconfig */;
			buildSettings = {
				BUNDLE_LOADER = "$(TEST_HOST)";
				CODE_SIGN_STYLE = Automatic;
				CURRENT_PROJECT_VERSION = 1;
				GENERATE_INFOPLIST_FILE = YES;
				IPHONEOS_DEPLOYMENT_TARGET = 26.2;
				LD_RUNPATH_SEARCH_PATHS = (
					"$(inherited)",
					"@executable_path/Frameworks",
					"@loader_path/Frameworks",
				);
				MARKETING_VERSION = 1.0;
				PRODUCT_BUNDLE_IDENTIFIER = io.codemagic.swiftlyTests;
				PRODUCT_NAME = "$(TARGET_NAME)";
				STRING_CATALOG_GENERATE_SYMBOLS = YES;
				SWIFT_APPROACHABLE_CONCURRENCY = YES;
				SWIFT_DEFAULT_ACTOR_ISOLATION = MainActor;
				SWIFT_EMIT_LOC_STRINGS = YES;
				SWIFT_UPCOMING_FEATURE_MEMBER_IMPORT_VISIBILITY = YES;
				SWIFT_VERSION = 5.0;
				TARGETED_DEVICE_FAMILY = "1,2";
				TEST_HOST = "$(BUILT_PRODUCTS_DIR)/swiftly.app/$(BUNDLE_EXECUTABLE_FOLDER_PATH)/swiftly";
			};
			name = Debug;
		};
		0ACE649E24E4224B0016C533 /* Release */ = {
			isa = XCBuildConfiguration;
			baseConfigurationReference = ADA146E462E9E9EC8985A7AC /* Pods-swiftlyTests.release.xcconfig */;
			buildSettings = {
				BUNDLE_LOADER = "$(TEST_HOST)";
				CODE_SIGN_STYLE = Automatic;
				CURRENT_PROJECT_VERSION = 1;
				GENERATE_INFOPLIST_FILE = YES;
				IPHONEOS_DEPLOYMENT_TARGET = 26.2;
				LD_RUNPATH_SEARCH_PATHS = (
					"$(inherited)",
					"@executable_path/Frameworks",
					"@loader_path/Frameworks",
				);
				MARKETING_VERSION = 1.0;
				PRODUCT_BUNDLE_IDENTIFIER = io.codemagic.swiftlyTests;
				PRODUCT_NAME = "$(TARGET_NAME)";
				STRING_CATALOG_GENERATE_SYMBOLS = YES;
				SWIFT_APPROACHABLE_CONCURRENCY = YES;
				SWIFT_DEFAULT_ACTOR_ISOLATION = MainActor;
				SWIFT_EMIT_LOC_STRINGS = YES;
				SWIFT_UPCOMING_FEATURE_MEMBER_IMPORT_VISIBILITY = YES;
				SWIFT_VERSION = 5.0;
				TARGETED_DEVICE_FAMILY = "1,2";
				TEST_HOST = "$(BUILT_PRODUCTS_DIR)/swiftly.app/$(BUNDLE_EXECUTABLE_FOLDER_PATH)/swiftly";
			};
			name = Release;
		};
		0ACE64A024E4224B0016C533 /* Debug */ = {
			isa = XCBuildConfiguration;
			baseConfigurationReference = 49AF473EC97D6504ABAD7136 /* Pods-swiftly-swiftlyUITests.debug.xcconfig */;
			buildSettings = {
				CODE_SIGN_STYLE = Automatic;
				CURRENT_PROJECT_VERSION = 1;
				GENERATE_INFOPLIST_FILE = YES;
				IPHONEOS_DEPLOYMENT_TARGET = 26.2;
				LD_RUNPATH_SEARCH_PATHS = (
					"$(inherited)",
					"@executable_path/Frameworks",
					"@loader_path/Frameworks",
				);
				MARKETING_VERSION = 1.0;
				PRODUCT_BUNDLE_IDENTIFIER = io.codemagic.swiftlyUITests;
				PRODUCT_NAME = "$(TARGET_NAME)";
				STRING_CATALOG_GENERATE_SYMBOLS = YES;
				SWIFT_APPROACHABLE_CONCURRENCY = YES;
				SWIFT_DEFAULT_ACTOR_ISOLATION = MainActor;
				SWIFT_EMIT_LOC_STRINGS = YES;
				SWIFT_UPCOMING_FEATURE_MEMBER_IMPORT_VISIBILITY = YES;
				SWIFT_VERSION = 5.0;
				TARGETED_DEVICE_FAMILY = "1,2";
				TEST_TARGET_NAME = swiftly;
			};
			name = Debug;
		};
		0ACE64A124E4224B0016C533 /* Release */ = {
			isa = XCBuildConfiguration;
			baseConfigurationReference = 4F86F5173EDEFFD442F7B608 /* Pods-swiftly-swiftlyUITests.release.xcconfig */;
			buildSettings = {
				CODE_SIGN_STYLE = Automatic;
				CURRENT_PROJECT_VERSION = 1;
				GENERATE_INFOPLIST_FILE = YES;
				IPHONEOS_DEPLOYMENT_TARGET = 26.2;
				LD_RUNPATH_SEARCH_PATHS = (
					"$(inherited)",
					"@executable_path/Frameworks",
					"@loader_path/Frameworks",
				);
				MARKETING_VERSION = 1.0;
				PRODUCT_BUNDLE_IDENTIFIER = io.codemagic.swiftlyUITests;
				PRODUCT_NAME = "$(TARGET_NAME)";
				STRING_CATALOG_GENERATE_SYMBOLS = YES;
				SWIFT_APPROACHABLE_CONCURRENCY = YES;
				SWIFT_DEFAULT_ACTOR_ISOLATION = MainActor;
				SWIFT_EMIT_LOC_STRINGS = YES;
				SWIFT_UPCOMING_FEATURE_MEMBER_IMPORT_VISIBILITY = YES;
				SWIFT_VERSION = 5.0;
				TARGETED_DEVICE_FAMILY = "1,2";
				TEST_TARGET_NAME = swiftly;
			};
			name = Release;
		};
/* End XCBuildConfiguration section */

/* Begin XCConfigurationList section */
		0ACE646A24E422430016C533 /* Build configuration list for PBXProject "swiftly" */ = {
			isa = XCConfigurationList;
			buildConfigurations = (
				0ACE649724E4224B0016C533 /* Debug */,
				0ACE649824E4224B0016C533 /* Release */,
			);
			defaultConfigurationIsVisible = 0;
			defaultConfigurationName = Release;
		};
		0ACE649924E4224B0016C533 /* Build configuration list for PBXNativeTarget "swiftly" */ = {
			isa = XCConfigurationList;
			buildConfigurations = (
				0ACE649A24E4224B0016C533 /* Debug */,
				0ACE649B24E4224B0016C533 /* Release */,
			);
			defaultConfigurationIsVisible = 0;
			defaultConfigurationName = Release;
		};
		0ACE649C24E4224B0016C533 /* Build configuration list for PBXNativeTarget "swiftlyTests" */ = {
			isa = XCConfigurationList;
			buildConfigurations = (
				0ACE649D24E4224B0016C533 /* Debug */,
				0ACE649E24E4224B0016C533 /* Release */,
			);
			defaultConfigurationIsVisible = 0;
			defaultConfigurationName = Release;
		};
		0ACE649F24E4224B0016C533 /* Build configuration list for PBXNativeTarget "swiftlyUITests" */ = {
			isa = XCConfigurationList;
			buildConfigurations = (
				0ACE64A024E4224B0016C533 /* Debug */,
				0ACE64A124E4224B0016C533 /* Release */,
			);
			defaultConfigurationIsVisible = 0;
			defaultConfigurationName = Release;
		};
/* End XCConfigurationList section */
	};
	rootObject = 0ACE646724E422430016C533 /* Project object */;
}
