// !$*UTF8*$!
{
	archiveVersion = 1;
	classes = {
	};
	objectVersion = 50;
	objects = {

/* Begin PBXBuildFile section */
		0A17ABA325F0E2C4000129C2 /* wandApp.swift in Sources */ = {isa = PBXBuildFile; fileRef = 0A17ABA225F0E2C4000129C2 /* wandApp.swift */; };
		0A17ABA525F0E2C4000129C2 /* ContentView.swift in Sources */ = {isa = PBXBuildFile; fileRef = 0A17ABA425F0E2C4000129C2 /* ContentView.swift */; };
		0A17ABA725F0E2C6000129C2 /* Assets.xcassets in Resources */ = {isa = PBXBuildFile; fileRef = 0A17ABA625F0E2C6000129C2 /* Assets.xcassets */; };
		0A17ABAA25F0E2C6000129C2 /* Preview Assets.xcassets in Resources */ = {isa = PBXBuildFile; fileRef = 0A17ABA925F0E2C6000129C2 /* Preview Assets.xcassets */; };
		0A26514325F7939D00788F1C /* wandTests.swift in Sources */ = {isa = PBXBuildFile; fileRef = 0A26514225F7939D00788F1C /* wandTests.swift */; };
		0A5DAFE026342CD50046935D /* Strings.plist in Resources */ = {isa = PBXBuildFile; fileRef = 0A5DAFDF26342CD50046935D /* Strings.plist */; };
		912C790E74C0B52A7B764B37 /* Pods_wand.framework in Frameworks */ = {isa = PBXBuildFile; fileRef = 90F21887E470390328B60133 /* Pods_wand.framework */; };
/* End PBXBuildFile section */

/* Begin PBXContainerItemProxy section */
		0A26514525F7939D00788F1C /* PBXContainerItemProxy */ = {
			isa = PBXContainerItemProxy;
			containerPortal = 0A17AB9725F0E2C4000129C2 /* Project object */;
			proxyType = 1;
			remoteGlobalIDString = 0A17AB9E25F0E2C4000129C2;
			remoteInfo = wand;
		};
/* End PBXContainerItemProxy section */

/* Begin PBXFileReference section */
		0A17AB9F25F0E2C4000129C2 /* wand.app */ = {isa = PBXFileReference; explicitFileType = wrapper.application; includeInIndex = 0; path = wand.app; sourceTree = BUILT_PRODUCTS_DIR; };
		0A17ABA225F0E2C4000129C2 /* wandApp.swift */ = {isa = PBXFileReference; lastKnownFileType = sourcecode.swift; path = wandApp.swift; sourceTree = "<group>"; };
		0A17ABA425F0E2C4000129C2 /* ContentView.swift */ = {isa = PBXFileReference; lastKnownFileType = sourcecode.swift; path = ContentView.swift; sourceTree = "<group>"; };
		0A17ABA625F0E2C6000129C2 /* Assets.xcassets */ = {isa = PBXFileReference; lastKnownFileType = folder.assetcatalog; path = Assets.xcassets; sourceTree = "<group>"; };
		0A17ABA925F0E2C6000129C2 /* Preview Assets.xcassets */ = {isa = PBXFileReference; lastKnownFileType = folder.assetcatalog; path = "Preview Assets.xcassets"; sourceTree = "<group>"; };
		0A17ABAB25F0E2C6000129C2 /* Info.plist */ = {isa = PBXFileReference; lastKnownFileType = text.plist.xml; path = Info.plist; sourceTree = "<group>"; };
		0A26514025F7939D00788F1C /* wandTests.xctest */ = {isa = PBXFileReference; explicitFileType = wrapper.cfbundle; includeInIndex = 0; path = wandTests.xctest; sourceTree = BUILT_PRODUCTS_DIR; };
		0A26514225F7939D00788F1C /* wandTests.swift */ = {isa = PBXFileReference; lastKnownFileType = sourcecode.swift; path = wandTests.swift; sourceTree = "<group>"; };
		0A26514425F7939D00788F1C /* Info.plist */ = {isa = PBXFileReference; lastKnownFileType = text.plist.xml; path = Info.plist; sourceTree = "<group>"; };
		0A5DAFDF26342CD50046935D /* Strings.plist */ = {isa = PBXFileReference; lastKnownFileType = text.plist.xml; path = Strings.plist; sourceTree = "<group>"; };
		26039D4C2D6902997C8C9515 /* Pods-wand.release.xcconfig */ = {isa = PBXFileReference; includeInIndex = 1; lastKnownFileType = text.xcconfig; name = "Pods-wand.release.xcconfig"; path = "Target Support Files/Pods-wand/Pods-wand.release.xcconfig"; sourceTree = "<group>"; };
		51A268442906B2D6B100426B /* Pods-wand.debug.xcconfig */ = {isa = PBXFileReference; includeInIndex = 1; lastKnownFileType = text.xcconfig; name = "Pods-wand.debug.xcconfig"; path = "Target Support Files/Pods-wand/Pods-wand.debug.xcconfig"; sourceTree = "<group>"; };
		90F21887E470390328B60133 /* Pods_wand.framework */ = {isa = PBXFileReference; explicitFileType = wrapper.framework; includeInIndex = 0; path = Pods_wand.framework; sourceTree = BUILT_PRODUCTS_DIR; };
/* End PBXFileReference section */

/* Begin PBXFrameworksBuildPhase section */
		0A17AB9C25F0E2C4000129C2 /* Frameworks */ = {
			isa = PBXFrameworksBuildPhase;
			buildActionMask = 2147483647;
			files = (
				912C790E74C0B52A7B764B37 /* Pods_wand.framework in Frameworks */,
			);
			runOnlyForDeploymentPostprocessing = 0;
		};
		0A26513D25F7939D00788F1C /* Frameworks */ = {
			isa = PBXFrameworksBuildPhase;
			buildActionMask = 2147483647;
			files = (
			);
			runOnlyForDeploymentPostprocessing = 0;
		};
/* End PBXFrameworksBuildPhase section */

/* Begin PBXGroup section */
		0A17AB9625F0E2C4000129C2 = {
			isa = PBXGroup;
			children = (
				0A17ABA125F0E2C4000129C2 /* wand */,
				0A26514125F7939D00788F1C /* wandTests */,
				0A17ABA025F0E2C4000129C2 /* Products */,
				63ACC22D62DEDE2FDE577E2A /* Pods */,
				DD9EE5763A43508D0CD65BFF /* Frameworks */,
			);
			sourceTree = "<group>";
		};
		0A17ABA025F0E2C4000129C2 /* Products */ = {
			isa = PBXGroup;
			children = (
				0A17AB9F25F0E2C4000129C2 /* wand.app */,
				0A26514025F7939D00788F1C /* wandTests.xctest */,
			);
			name = Products;
			sourceTree = "<group>";
		};
		0A17ABA125F0E2C4000129C2 /* wand */ = {
			isa = PBXGroup;
			children = (
				0A17ABA225F0E2C4000129C2 /* wandApp.swift */,
				0A17ABA425F0E2C4000129C2 /* ContentView.swift */,
				0A17ABA625F0E2C6000129C2 /* Assets.xcassets */,
				0A17ABAB25F0E2C6000129C2 /* Info.plist */,
				0A17ABA825F0E2C6000129C2 /* Preview Content */,
				0A5DAFDF26342CD50046935D /* Strings.plist */,
			);
			path = wand;
			sourceTree = "<group>";
		};
		0A17ABA825F0E2C6000129C2 /* Preview Content */ = {
			isa = PBXGroup;
			children = (
				0A17ABA925F0E2C6000129C2 /* Preview Assets.xcassets */,
			);
			path = "Preview Content";
			sourceTree = "<group>";
		};
		0A26514125F7939D00788F1C /* wandTests */ = {
			isa = PBXGroup;
			children = (
				0A26514225F7939D00788F1C /* wandTests.swift */,
				0A26514425F7939D00788F1C /* Info.plist */,
			);
			path = wandTests;
			sourceTree = "<group>";
		};
		63ACC22D62DEDE2FDE577E2A /* Pods */ = {
			isa = PBXGroup;
			children = (
				51A268442906B2D6B100426B /* Pods-wand.debug.xcconfig */,
				26039D4C2D6902997C8C9515 /* Pods-wand.release.xcconfig */,
			);
			path = Pods;
			sourceTree = "<group>";
		};
		DD9EE5763A43508D0CD65BFF /* Frameworks */ = {
			isa = PBXGroup;
			children = (
				90F21887E470390328B60133 /* Pods_wand.framework */,
			);
			name = Frameworks;
			sourceTree = "<group>";
		};
/* End PBXGroup section */

/* Begin PBXNativeTarget section */
		0A17AB9E25F0E2C4000129C2 /* wand */ = {
			isa = PBXNativeTarget;
			buildConfigurationList = 0A17ABAE25F0E2C6000129C2 /* Build configuration list for PBXNativeTarget "wand" */;
			buildPhases = (
				43081C6E2D731D6641F0E6C5 /* [CP] Check Pods Manifest.lock */,
				0A17AB9B25F0E2C4000129C2 /* Sources */,
				0A17AB9C25F0E2C4000129C2 /* Frameworks */,
				0A17AB9D25F0E2C4000129C2 /* Resources */,
			);
			buildRules = (
			);
			dependencies = (
			);
			name = wand;
			productName = wand;
			productReference = 0A17AB9F25F0E2C4000129C2 /* wand.app */;
			productType = "com.apple.product-type.application";
		};
		0A26513F25F7939D00788F1C /* wandTests */ = {
			isa = PBXNativeTarget;
			buildConfigurationList = 0A26514725F7939D00788F1C /* Build configuration list for PBXNativeTarget "wandTests" */;
			buildPhases = (
				0A26513C25F7939D00788F1C /* Sources */,
				0A26513D25F7939D00788F1C /* Frameworks */,
				0A26513E25F7939D00788F1C /* Resources */,
			);
			buildRules = (
			);
			dependencies = (
				0A26514625F7939D00788F1C /* PBXTargetDependency */,
			);
			name = wandTests;
			productName = wandTests;
			productReference = 0A26514025F7939D00788F1C /* wandTests.xctest */;
			productType = "com.apple.product-type.bundle.unit-test";
		};
/* End PBXNativeTarget section */

/* Begin PBXProject section */
		0A17AB9725F0E2C4000129C2 /* Project object */ = {
			isa = PBXProject;
			attributes = {
				LastSwiftUpdateCheck = 1210;
				LastUpgradeCheck = 1210;
				TargetAttributes = {
					0A17AB9E25F0E2C4000129C2 = {
						CreatedOnToolsVersion = 12.1;
					};
					0A26513F25F7939D00788F1C = {
						CreatedOnToolsVersion = 12.1;
						TestTargetID = 0A17AB9E25F0E2C4000129C2;
					};
				};
			};
			buildConfigurationList = 0A17AB9A25F0E2C4000129C2 /* Build configuration list for PBXProject "wand" */;
			compatibilityVersion = "Xcode 9.3";
			developmentRegion = en;
			hasScannedForEncodings = 0;
			knownRegions = (
				en,
				Base,
			);
			mainGroup = 0A17AB9625F0E2C4000129C2;
			productRefGroup = 0A17ABA025F0E2C4000129C2 /* Products */;
			projectDirPath = "";
			projectRoot = "";
			targets = (
				0A17AB9E25F0E2C4000129C2 /* wand */,
				0A26513F25F7939D00788F1C /* wandTests */,
			);
		};
/* End PBXProject section */

/* Begin PBXResourcesBuildPhase section */
		0A17AB9D25F0E2C4000129C2 /* Resources */ = {
			isa = PBXResourcesBuildPhase;
			buildActionMask = 2147483647;
			files = (
				0A17ABAA25F0E2C6000129C2 /* Preview Assets.xcassets in Resources */,
				0A5DAFE026342CD50046935D /* Strings.plist in Resources */,
				0A17ABA725F0E2C6000129C2 /* Assets.xcassets in Resources */,
			);
			runOnlyForDeploymentPostprocessing = 0;
		};
		0A26513E25F7939D00788F1C /* Resources */ = {
			isa = PBXResourcesBuildPhase;
			buildActionMask = 2147483647;
			files = (
			);
			runOnlyForDeploymentPostprocessing = 0;
		};
/* End PBXResourcesBuildPhase section */

/* Begin PBXShellScriptBuildPhase section */
		43081C6E2D731D6641F0E6C5 /* [CP] Check Pods Manifest.lock */ = {
			isa = PBXShellScriptBuildPhase;
			buildActionMask = 2147483647;
			files = (
			);
			inputFileListPaths = (
			);
			inputPaths = (
				"${PODS_PODFILE_DIR_PATH}/Podfile.lock",
				"${PODS_ROOT}/Manifest.lock",
			);
			name = "[CP] Check Pods Manifest.lock";
			outputFileListPaths = (
			);
			outputPaths = (
				"$(DERIVED_FILE_DIR)/Pods-wand-checkManifestLockResult.txt",
			);
			runOnlyForDeploymentPostprocessing = 0;
			shellPath = /bin/sh;
			shellScript = "diff \"${PODS_PODFILE_DIR_PATH}/Podfile.lock\" \"${PODS_ROOT}/Manifest.lock\" > /dev/null\nif [ $? != 0 ] ; then\n    # print error to STDERR\n    echo \"error: The sandbox is not in sync with the Podfile.lock. Run 'pod install' or update your CocoaPods installation.\" >&2\n    exit 1\nfi\n# This output is used by Xcode 'outputs' to avoid re-running this script phase.\necho \"SUCCESS\" > \"${SCRIPT_OUTPUT_FILE_0}\"\n";
			showEnvVarsInLog = 0;
		};
/* End PBXShellScriptBuildPhase section */

/* Begin PBXSourcesBuildPhase section */
		0A17AB9B25F0E2C4000129C2 /* Sources */ = {
			isa = PBXSourcesBuildPhase;
			buildActionMask = 2147483647;
			files = (
				0A17ABA525F0E2C4000129C2 /* ContentView.swift in Sources */,
				0A17ABA325F0E2C4000129C2 /* wandApp.swift in Sources */,
			);
			runOnlyForDeploymentPostprocessing = 0;
		};
		0A26513C25F7939D00788F1C /* Sources */ = {
			isa = PBXSourcesBuildPhase;
			buildActionMask = 2147483647;
			files = (
				0A26514325F7939D00788F1C /* wandTests.swift in Sources */,
			);
			runOnlyForDeploymentPostprocessing = 0;
		};
/* End PBXSourcesBuildPhase section */

/* Begin PBXTargetDependency section */
		0A26514625F7939D00788F1C /* PBXTargetDependency */ = {
			isa = PBXTargetDependency;
			target = 0A17AB9E25F0E2C4000129C2 /* wand */;
			targetProxy = 0A26514525F7939D00788F1C /* PBXContainerItemProxy */;
		};
/* End PBXTargetDependency section */

/* Begin XCBuildConfiguration section */
		0A17ABAC25F0E2C6000129C2 /* Debug */ = {
			isa = XCBuildConfiguration;
			buildSettings = {
				ALWAYS_SEARCH_USER_PATHS = NO;
				CLANG_ANALYZER_NONNULL = YES;
				CLANG_ANALYZER_NUMBER_OBJECT_CONVERSION = YES_AGGRESSIVE;
				CLANG_CXX_LANGUAGE_STANDARD = "gnu++14";
				CLANG_CXX_LIBRARY = "libc++";
				CLANG_ENABLE_MODULES = YES;
				CLANG_ENABLE_OBJC_ARC = YES;
				CLANG_ENABLE_OBJC_WEAK = YES;
				CLANG_WARN_BLOCK_CAPTURE_AUTORELEASING = YES;
				CLANG_WARN_BOOL_CONVERSION = YES;
				CLANG_WARN_COMMA = YES;
				CLANG_WARN_CONSTANT_CONVERSION = YES;
				CLANG_WARN_DEPRECATED_OBJC_IMPLEMENTATIONS = YES;
				CLANG_WARN_DIRECT_OBJC_ISA_USAGE = YES_ERROR;
				CLANG_WARN_DOCUMENTATION_COMMENTS = YES;
				CLANG_WARN_EMPTY_BODY = YES;
				CLANG_WARN_ENUM_CONVERSION = YES;
				CLANG_WARN_INFINITE_RECURSION = YES;
				CLANG_WARN_INT_CONVERSION = YES;
				CLANG_WARN_NON_LITERAL_NULL_CONVERSION = YES;
				CLANG_WARN_OBJC_IMPLICIT_RETAIN_SELF = YES;
				CLANG_WARN_OBJC_LITERAL_CONVERSION = YES;
				CLANG_WARN_OBJC_ROOT_CLASS = YES_ERROR;
				CLANG_WARN_QUOTED_INCLUDE_IN_FRAMEWORK_HEADER = YES;
				CLANG_WARN_RANGE_LOOP_ANALYSIS = YES;
				CLANG_WARN_STRICT_PROTOTYPES = YES;
				CLANG_WARN_SUSPICIOUS_MOVE = YES;
				CLANG_WARN_UNGUARDED_AVAILABILITY = YES_AGGRESSIVE;
				CLANG_WARN_UNREACHABLE_CODE = YES;
				CLANG_WARN__DUPLICATE_METHOD_MATCH = YES;
				COPY_PHASE_STRIP = NO;
				DEBUG_INFORMATION_FORMAT = dwarf;
				ENABLE_STRICT_OBJC_MSGSEND = YES;
				ENABLE_TESTABILITY = YES;
				GCC_C_LANGUAGE_STANDARD = gnu11;
				GCC_DYNAMIC_NO_PIC = NO;
				GCC_NO_COMMON_BLOCKS = YES;
				GCC_OPTIMIZATION_LEVEL = 0;
				GCC_PREPROCESSOR_DEFINITIONS = (
					"DEBUG=1",
					"$(inherited)",
				);
				GCC_WARN_64_TO_32_BIT_CONVERSION = YES;
				GCC_WARN_ABOUT_RETURN_TYPE = YES_ERROR;
				GCC_WARN_UNDECLARED_SELECTOR = YES;
				GCC_WARN_UNINITIALIZED_AUTOS = YES_AGGRESSIVE;
				GCC_WARN_UNUSED_FUNCTION = YES;
				GCC_WARN_UNUSED_VARIABLE = YES;
				IPHONEOS_DEPLOYMENT_TARGET = 14.1;
				MTL_ENABLE_DEBUG_INFO = INCLUDE_SOURCE;
				MTL_FAST_MATH = YES;
				ONLY_ACTIVE_ARCH = YES;
				SDKROOT = iphoneos;
				SWIFT_ACTIVE_COMPILATION_CONDITIONS = DEBUG;
				SWIFT_OPTIMIZATION_LEVEL = "-Onone";
			};
			name = Debug;
		};
		0A17ABAD25F0E2C6000129C2 /* Release */ = {
			isa = XCBuildConfiguration;
			buildSettings = {
				ALWAYS_SEARCH_USER_PATHS = NO;
				CLANG_ANALYZER_NONNULL = YES;
				CLANG_ANALYZER_NUMBER_OBJECT_CONVERSION = YES_AGGRESSIVE;
				CLANG_CXX_LANGUAGE_STANDARD = "gnu++14";
				CLANG_CXX_LIBRARY = "libc++";
				CLANG_ENABLE_MODULES = YES;
				CLANG_ENABLE_OBJC_ARC = YES;
				CLANG_ENABLE_OBJC_WEAK = YES;
				CLANG_WARN_BLOCK_CAPTURE_AUTORELEASING = YES;
				CLANG_WARN_BOOL_CONVERSION = YES;
				CLANG_WARN_COMMA = YES;
				CLANG_WARN_CONSTANT_CONVERSION = YES;
				CLANG_WARN_DEPRECATED_OBJC_IMPLEMENTATIONS = YES;
				CLANG_WARN_DIRECT_OBJC_ISA_USAGE = YES_ERROR;
				CLANG_WARN_DOCUMENTATION_COMMENTS = YES;
				CLANG_WARN_EMPTY_BODY = YES;
				CLANG_WARN_ENUM_CONVERSION = YES;
				CLANG_WARN_INFINITE_RECURSION = YES;
				CLANG_WARN_INT_CONVERSION = YES;
				CLANG_WARN_NON_LITERAL_NULL_CONVERSION = YES;
				CLANG_WARN_OBJC_IMPLICIT_RETAIN_SELF = YES;
				CLANG_WARN_OBJC_LITERAL_CONVERSION = YES;
				CLANG_WARN_OBJC_ROOT_CLASS = YES_ERROR;
				CLANG_WARN_QUOTED_INCLUDE_IN_FRAMEWORK_HEADER = YES;
				CLANG_WARN_RANGE_LOOP_ANALYSIS = YES;
				CLANG_WARN_STRICT_PROTOTYPES = YES;
				CLANG_WARN_SUSPICIOUS_MOVE = YES;
				CLANG_WARN_UNGUARDED_AVAILABILITY = YES_AGGRESSIVE;
				CLANG_WARN_UNREACHABLE_CODE = YES;
				CLANG_WARN__DUPLICATE_METHOD_MATCH = YES;
				COPY_PHASE_STRIP = NO;
				DEBUG_INFORMATION_FORMAT = "dwarf-with-dsym";
				ENABLE_NS_ASSERTIONS = NO;
				ENABLE_STRICT_OBJC_MSGSEND = YES;
				GCC_C_LANGUAGE_STANDARD = gnu11;
				GCC_NO_COMMON_BLOCKS = YES;
				GCC_WARN_64_TO_32_BIT_CONVERSION = YES;
				GCC_WARN_ABOUT_RETURN_TYPE = YES_ERROR;
				GCC_WARN_UNDECLARED_SELECTOR = YES;
				GCC_WARN_UNINITIALIZED_AUTOS = YES_AGGRESSIVE;
				GCC_WARN_UNUSED_FUNCTION = YES;
				GCC_WARN_UNUSED_VARIABLE = YES;
				IPHONEOS_DEPLOYMENT_TARGET = 14.1;
				MTL_ENABLE_DEBUG_INFO = NO;
				MTL_FAST_MATH = YES;
				SDKROOT = iphoneos;
				SWIFT_COMPILATION_MODE = wholemodule;
				SWIFT_OPTIMIZATION_LEVEL = "-O";
				VALIDATE_PRODUCT = YES;
			};
			name = Release;
		};
		0A17ABAF25F0E2C6000129C2 /* Debug */ = {
			isa = XCBuildConfiguration;
			baseConfigurationReference = 51A268442906B2D6B100426B /* Pods-wand.debug.xcconfig */;
			buildSettings = {
				ASSETCATALOG_COMPILER_APPICON_NAME = AppIcon;
				ASSETCATALOG_COMPILER_GLOBAL_ACCENT_COLOR_NAME = AccentColor;
				CODE_SIGN_STYLE = Automatic;
				CURRENT_PROJECT_VERSION = 1;
				DEVELOPMENT_ASSET_PATHS = "\"wand/Preview Content\"";
				DEVELOPMENT_TEAM = Z3BFA7A6ZR;
				ENABLE_PREVIEWS = YES;
				INFOPLIST_FILE = wand/Info.plist;
				IPHONEOS_DEPLOYMENT_TARGET = 14.0;
				LD_RUNPATH_SEARCH_PATHS = (
					"$(inherited)",
					"@executable_path/Frameworks",
				);
				MARKETING_VERSION = 1.0.0;
				PRODUCT_BUNDLE_IDENTIFIER = io.codemagic.wand;
				PRODUCT_NAME = "$(TARGET_NAME)";
				SWIFT_VERSION = 5.0;
				TARGETED_DEVICE_FAMILY = "1,2";
			};
			name = Debug;
		};
		0A17ABB025F0E2C6000129C2 /* Release */ = {
			isa = XCBuildConfiguration;
			baseConfigurationReference = 26039D4C2D6902997C8C9515 /* Pods-wand.release.xcconfig */;
			buildSettings = {
				ASSETCATALOG_COMPILER_APPICON_NAME = AppIcon;
				ASSETCATALOG_COMPILER_GLOBAL_ACCENT_COLOR_NAME = AccentColor;
				CODE_SIGN_STYLE = Automatic;
				CURRENT_PROJECT_VERSION = 1;
				DEVELOPMENT_ASSET_PATHS = "\"wand/Preview Content\"";
				DEVELOPMENT_TEAM = Z3BFA7A6ZR;
				ENABLE_PREVIEWS = YES;
				INFOPLIST_FILE = wand/Info.plist;
				IPHONEOS_DEPLOYMENT_TARGET = 14.0;
				LD_RUNPATH_SEARCH_PATHS = (
					"$(inherited)",
					"@executable_path/Frameworks",
				);
				MARKETING_VERSION = 1.0.0;
				PRODUCT_BUNDLE_IDENTIFIER = io.codemagic.wand;
				PRODUCT_NAME = "$(TARGET_NAME)";
				SWIFT_VERSION = 5.0;
				TARGETED_DEVICE_FAMILY = "1,2";
			};
			name = Release;
		};
		0A26514825F7939D00788F1C /* Debug */ = {
			isa = XCBuildConfiguration;
			buildSettings = {
				BUNDLE_LOADER = "$(TEST_HOST)";
				CODE_SIGN_STYLE = Automatic;
				DEVELOPMENT_TEAM = Z3BFA7A6ZR;
				INFOPLIST_FILE = wandTests/Info.plist;
				LD_RUNPATH_SEARCH_PATHS = (
					"$(inherited)",
					"@executable_path/Frameworks",
					"@loader_path/Frameworks",
				);
				PRODUCT_BUNDLE_IDENTIFIER = io.codemgaic.wandTests;
				PRODUCT_NAME = "$(TARGET_NAME)";
				SWIFT_VERSION = 5.0;
				TARGETED_DEVICE_FAMILY = "1,2";
				TEST_HOST = "$(BUILT_PRODUCTS_DIR)/wand.app/wand";
			};
			name = Debug;
		};
		0A26514925F7939D00788F1C /* Release */ = {
			isa = XCBuildConfiguration;
			buildSettings = {
				BUNDLE_LOADER = "$(TEST_HOST)";
				CODE_SIGN_STYLE = Automatic;
				DEVELOPMENT_TEAM = Z3BFA7A6ZR;
				INFOPLIST_FILE = wandTests/Info.plist;
				LD_RUNPATH_SEARCH_PATHS = (
					"$(inherited)",
					"@executable_path/Frameworks",
					"@loader_path/Frameworks",
				);
				PRODUCT_BUNDLE_IDENTIFIER = io.codemgaic.wandTests;
				PRODUCT_NAME = "$(TARGET_NAME)";
				SWIFT_VERSION = 5.0;
				TARGETED_DEVICE_FAMILY = "1,2";
				TEST_HOST = "$(BUILT_PRODUCTS_DIR)/wand.app/wand";
			};
			name = Release;
		};
/* End XCBuildConfiguration section */

/* Begin XCConfigurationList section */
		0A17AB9A25F0E2C4000129C2 /* Build configuration list for PBXProject "wand" */ = {
			isa = XCConfigurationList;
			buildConfigurations = (
				0A17ABAC25F0E2C6000129C2 /* Debug */,
				0A17ABAD25F0E2C6000129C2 /* Release */,
			);
			defaultConfigurationIsVisible = 0;
			defaultConfigurationName = Release;
		};
		0A17ABAE25F0E2C6000129C2 /* Build configuration list for PBXNativeTarget "wand" */ = {
			isa = XCConfigurationList;
			buildConfigurations = (
				0A17ABAF25F0E2C6000129C2 /* Debug */,
				0A17ABB025F0E2C6000129C2 /* Release */,
			);
			defaultConfigurationIsVisible = 0;
			defaultConfigurationName = Release;
		};
		0A26514725F7939D00788F1C /* Build configuration list for PBXNativeTarget "wandTests" */ = {
			isa = XCConfigurationList;
			buildConfigurations = (
				0A26514825F7939D00788F1C /* Debug */,
				0A26514925F7939D00788F1C /* Release */,
			);
			defaultConfigurationIsVisible = 0;
			defaultConfigurationName = Release;
		};
/* End XCConfigurationList section */
	};
	rootObject = 0A17AB9725F0E2C4000129C2 /* Project object */;
}
